
Microsoft Visual Studio Solution File, Format Version 12.00
# Visual Studio 15
VisualStudioVersion = 15.0.26124.0
MinimumVisualStudioVersion = 15.0.26124.0
Project("{9A19103F-16F7-4668-BE54-9A1E7A4F7556}") = "R5T.NetStandard.OS.Construction", "R5T.NetStandard.OS.Construction\R5T.NetStandard.OS.Construction.csproj", "{73240491-00B3-4D5C-AF87-0670D35DCF78}"
EndProject
Project("{9A19103F-16F7-4668-BE54-9A1E7A4F7556}") = "R5T.NetStandard.OS", "R5T.NetStandard.OS\R5T.NetStandard.OS.csproj", "{BB71B3CE-DED5-45B3-A80F-CEE04960F30C}"
EndProject
Project("{9A19103F-16F7-4668-BE54-9A1E7A4F7556}") = "R5T.NetStandard.OS.Types", "..\..\R5T.NetStandard.OS.Types\source\R5T.NetStandard.OS.Types\R5T.NetStandard.OS.Types.csproj", "{BA5D70FB-7BB4-48CA-A224-C35F5D0B8192}"
EndProject
Project("{2150E333-8FDC-42A3-9474-1A3956D46DE8}") = "_Dependencies", "_Dependencies", "{7A23B508-EBCC-4C67-87B1-943EEF8B940C}"
EndProject
Project("{9A19103F-16F7-4668-BE54-9A1E7A4F7556}") = "R5T.NetStandard.TypedString", "..\..\R5T.NetStandard.TypedString\source\R5T.NetStandard.TypedString\R5T.NetStandard.TypedString.csproj", "{36DD9A9D-D0DE-4B66-873B-909768EC1AF8}"
EndProject
Project("{9A19103F-16F7-4668-BE54-9A1E7A4F7556}") = "R5T.NetStandard.Types", "..\..\R5T.NetStandard.Types\source\R5T.NetStandard.Types\R5T.NetStandard.Types.csproj", "{CE1D537F-ABD3-4319-8309-AEF8ABA852FF}"
EndProject
Project("{9A19103F-16F7-4668-BE54-9A1E7A4F7556}") = "R5T.NetStandard.Extensions", "..\..\R5T.NetStandard.Extensions\source\R5T.NetStandard.Extensions\R5T.NetStandard.Extensions.csproj", "{35397E57-22C2-49EB-AC9E-6E12F37962BC}"
EndProject
Global
	GlobalSection(SolutionConfigurationPlatforms) = preSolution
		Debug|Any CPU = Debug|Any CPU
		Debug|x64 = Debug|x64
		Debug|x86 = Debug|x86
		Release|Any CPU = Release|Any CPU
		Release|x64 = Release|x64
		Release|x86 = Release|x86
	EndGlobalSection
	GlobalSection(ProjectConfigurationPlatforms) = postSolution
		{73240491-00B3-4D5C-AF87-0670D35DCF78}.Debug|Any CPU.ActiveCfg = Debug|Any CPU
		{73240491-00B3-4D5C-AF87-0670D35DCF78}.Debug|Any CPU.Build.0 = Debug|Any CPU
		{73240491-00B3-4D5C-AF87-0670D35DCF78}.Debug|x64.ActiveCfg = Debug|Any CPU
		{73240491-00B3-4D5C-AF87-0670D35DCF78}.Debug|x64.Build.0 = Debug|Any CPU
		{73240491-00B3-4D5C-AF87-0670D35DCF78}.Debug|x86.ActiveCfg = Debug|Any CPU
		{73240491-00B3-4D5C-AF87-0670D35DCF78}.Debug|x86.Build.0 = Debug|Any CPU
		{73240491-00B3-4D5C-AF87-0670D35DCF78}.Release|Any CPU.ActiveCfg = Release|Any CPU
		{73240491-00B3-4D5C-AF87-0670D35DCF78}.Release|Any CPU.Build.0 = Release|Any CPU
		{73240491-00B3-4D5C-AF87-0670D35DCF78}.Release|x64.ActiveCfg = Release|Any CPU
		{73240491-00B3-4D5C-AF87-0670D35DCF78}.Release|x64.Build.0 = Release|Any CPU
		{73240491-00B3-4D5C-AF87-0670D35DCF78}.Release|x86.ActiveCfg = Release|Any CPU
		{73240491-00B3-4D5C-AF87-0670D35DCF78}.Release|x86.Build.0 = Release|Any CPU
		{BB71B3CE-DED5-45B3-A80F-CEE04960F30C}.Debug|Any CPU.ActiveCfg = Debug|Any CPU
		{BB71B3CE-DED5-45B3-A80F-CEE04960F30C}.Debug|Any CPU.Build.0 = Debug|Any CPU
		{BB71B3CE-DED5-45B3-A80F-CEE04960F30C}.Debug|x64.ActiveCfg = Debug|Any CPU
		{BB71B3CE-DED5-45B3-A80F-CEE04960F30C}.Debug|x64.Build.0 = Debug|Any CPU
		{BB71B3CE-DED5-45B3-A80F-CEE04960F30C}.Debug|x86.ActiveCfg = Debug|Any CPU
		{BB71B3CE-DED5-45B3-A80F-CEE04960F30C}.Debug|x86.Build.0 = Debug|Any CPU
		{BB71B3CE-DED5-45B3-A80F-CEE04960F30C}.Release|Any CPU.ActiveCfg = Release|Any CPU
		{BB71B3CE-DED5-45B3-A80F-CEE04960F30C}.Release|Any CPU.Build.0 = Release|Any CPU
		{BB71B3CE-DED5-45B3-A80F-CEE04960F30C}.Release|x64.ActiveCfg = Release|Any CPU
		{BB71B3CE-DED5-45B3-A80F-CEE04960F30C}.Release|x64.Build.0 = Release|Any CPU
		{BB71B3CE-DED5-45B3-A80F-CEE04960F30C}.Release|x86.ActiveCfg = Release|Any CPU
		{BB71B3CE-DED5-45B3-A80F-CEE04960F30C}.Release|x86.Build.0 = Release|Any CPU
		{BA5D70FB-7BB4-48CA-A224-C35F5D0B8192}.Debug|Any CPU.ActiveCfg = Debug|Any CPU
		{BA5D70FB-7BB4-48CA-A224-C35F5D0B8192}.Debug|Any CPU.Build.0 = Debug|Any CPU
		{BA5D70FB-7BB4-48CA-A224-C35F5D0B8192}.Debug|x64.ActiveCfg = Debug|Any CPU
		{BA5D70FB-7BB4-48CA-A224-C35F5D0B8192}.Debug|x64.Build.0 = Debug|Any CPU
		{BA5D70FB-7BB4-48CA-A224-C35F5D0B8192}.Debug|x86.ActiveCfg = Debug|Any CPU
		{BA5D70FB-7BB4-48CA-A224-C35F5D0B8192}.Debug|x86.Build.0 = Debug|Any CPU
		{BA5D70FB-7BB4-48CA-A224-C35F5D0B8192}.Release|Any CPU.ActiveCfg = Release|Any CPU
		{BA5D70FB-7BB4-48CA-A224-C35F5D0B8192}.Release|Any CPU.Build.0 = Release|Any CPU
		{BA5D70FB-7BB4-48CA-A224-C35F5D0B8192}.Release|x64.ActiveCfg = Release|Any CPU
		{BA5D70FB-7BB4-48CA-A224-C35F5D0B8192}.Release|x64.Build.0 = Release|Any CPU
		{BA5D70FB-7BB4-48CA-A224-C35F5D0B8192}.Release|x86.ActiveCfg = Release|Any CPU
		{BA5D70FB-7BB4-48CA-A224-C35F5D0B8192}.Release|x86.Build.0 = Release|Any CPU
		{36DD9A9D-D0DE-4B66-873B-909768EC1AF8}.Debug|Any CPU.ActiveCfg = Debug|Any CPU
		{36DD9A9D-D0DE-4B66-873B-909768EC1AF8}.Debug|Any CPU.Build.0 = Debug|Any CPU
		{36DD9A9D-D0DE-4B66-873B-909768EC1AF8}.Debug|x64.ActiveCfg = Debug|Any CPU
		{36DD9A9D-D0DE-4B66-873B-909768EC1AF8}.Debug|x64.Build.0 = Debug|Any CPU
		{36DD9A9D-D0DE-4B66-873B-909768EC1AF8}.Debug|x86.ActiveCfg = Debug|Any CPU
		{36DD9A9D-D0DE-4B66-873B-909768EC1AF8}.Debug|x86.Build.0 = Debug|Any CPU
		{36DD9A9D-D0DE-4B66-873B-909768EC1AF8}.Release|Any CPU.ActiveCfg = Release|Any CPU
		{36DD9A9D-D0DE-4B66-873B-909768EC1AF8}.Release|Any CPU.Build.0 = Release|Any CPU
		{36DD9A9D-D0DE-4B66-873B-909768EC1AF8}.Release|x64.ActiveCfg = Release|Any CPU
		{36DD9A9D-D0DE-4B66-873B-909768EC1AF8}.Release|x64.Build.0 = Release|Any CPU
		{36DD9A9D-D0DE-4B66-873B-909768EC1AF8}.Release|x86.ActiveCfg = Release|Any CPU
		{36DD9A9D-D0DE-4B66-873B-909768EC1AF8}.Release|x86.Build.0 = Release|Any CPU
		{CE1D537F-ABD3-4319-8309-AEF8ABA852FF}.Debug|Any CPU.ActiveCfg = Debug|Any CPU
		{CE1D537F-ABD3-4319-8309-AEF8ABA852FF}.Debug|Any CPU.Build.0 = Debug|Any CPU
		{CE1D537F-ABD3-4319-8309-AEF8ABA852FF}.Debug|x64.ActiveCfg = Debug|Any CPU
		{CE1D537F-ABD3-4319-8309-AEF8ABA852FF}.Debug|x64.Build.0 = Debug|Any CPU
		{CE1D537F-ABD3-4319-8309-AEF8ABA852FF}.Debug|x86.ActiveCfg = Debug|Any CPU
		{CE1D537F-ABD3-4319-8309-AEF8ABA852FF}.Debug|x86.Build.0 = Debug|Any CPU
		{CE1D537F-ABD3-4319-8309-AEF8ABA852FF}.Release|Any CPU.ActiveCfg = Release|Any CPU
		{CE1D537F-ABD3-4319-8309-AEF8ABA852FF}.Release|Any CPU.Build.0 = Release|Any CPU
		{CE1D537F-ABD3-4319-8309-AEF8ABA852FF}.Release|x64.ActiveCfg = Release|Any CPU
		{CE1D537F-ABD3-4319-8309-AEF8ABA852FF}.Release|x64.Build.0 = Release|Any CPU
		{CE1D537F-ABD3-4319-8309-AEF8ABA852FF}.Release|x86.ActiveCfg = Release|Any CPU
		{CE1D537F-ABD3-4319-8309-AEF8ABA852FF}.Release|x86.Build.0 = Release|Any CPU
		{35397E57-22C2-49EB-AC9E-6E12F37962BC}.Debug|Any CPU.ActiveCfg = Debug|Any CPU
		{35397E57-22C2-49EB-AC9E-6E12F37962BC}.Debug|Any CPU.Build.0 = Debug|Any CPU
		{35397E57-22C2-49EB-AC9E-6E12F37962BC}.Debug|x64.ActiveCfg = Debug|Any CPU
		{35397E57-22C2-49EB-AC9E-6E12F37962BC}.Debug|x64.Build.0 = Debug|Any CPU
		{35397E57-22C2-49EB-AC9E-6E12F37962BC}.Debug|x86.ActiveCfg = Debug|Any CPU
		{35397E57-22C2-49EB-AC9E-6E12F37962BC}.Debug|x86.Build.0 = Debug|Any CPU
		{35397E57-22C2-49EB-AC9E-6E12F37962BC}.Release|Any CPU.ActiveCfg = Release|Any CPU
		{35397E57-22C2-49EB-AC9E-6E12F37962BC}.Release|Any CPU.Build.0 = Release|Any CPU
		{35397E57-22C2-49EB-AC9E-6E12F37962BC}.Release|x64.ActiveCfg = Release|Any CPU
		{35397E57-22C2-49EB-AC9E-6E12F37962BC}.Release|x64.Build.0 = Release|Any CPU
		{35397E57-22C2-49EB-AC9E-6E12F37962BC}.Release|x86.ActiveCfg = Release|Any CPU
		{35397E57-22C2-49EB-AC9E-6E12F37962BC}.Release|x86.Build.0 = Release|Any CPU
	EndGlobalSection
	GlobalSection(SolutionProperties) = preSolution
		HideSolutionNode = FALSE
	EndGlobalSection
	GlobalSection(NestedProjects) = preSolution
		{BA5D70FB-7BB4-48CA-A224-C35F5D0B8192} = {7A23B508-EBCC-4C67-87B1-943EEF8B940C}
		{36DD9A9D-D0DE-4B66-873B-909768EC1AF8} = {7A23B508-EBCC-4C67-87B1-943EEF8B940C}
		{CE1D537F-ABD3-4319-8309-AEF8ABA852FF} = {7A23B508-EBCC-4C67-87B1-943EEF8B940C}
		{35397E57-22C2-49EB-AC9E-6E12F37962BC} = {7A23B508-EBCC-4C67-87B1-943EEF8B940C}
	EndGlobalSection
	GlobalSection(ExtensibilityGlobals) = postSolution
		SolutionGuid = {FA861C9E-393A-4E64-A53B-C519A3A11E32}
	EndGlobalSection
EndGlobal
